
Microsoft Visual Studio Solution File, Format Version 12.00
# Visual Studio 15
VisualStudioVersion = 15.0.27703.2000
MinimumVisualStudioVersion = 10.0.40219.1
Project("{FAE04EC0-301F-11D3-BF4B-00C04F79EFBC}") = "bgclicker", "bgclicker\bgclicker.csproj", "{6F2B0099-BC6A-46C3-ACE0-A835FBADD4C7}"
EndProject
Global
	GlobalSection(SolutionConfigurationPlatforms) = preSolution
		Debug|Any CPU = Debug|Any CPU
		Release|Any CPU = Release|Any CPU
	EndGlobalSection
	GlobalSection(ProjectConfigurationPlatforms) = postSolution
		{6F2B0099-BC6A-46C3-ACE0-A835FBADD4C7}.Debug|Any CPU.ActiveCfg = Debug|Any CPU
		{6F2B0099-BC6A-46C3-ACE0-A835FBADD4C7}.Debug|Any CPU.Build.0 = Debug|Any CPU
		{6F2B0099-BC6A-46C3-ACE0-A835FBADD4C7}.Release|Any CPU.ActiveCfg = Release|Any CPU
		{6F2B0099-BC6A-46C3-ACE0-A835FBADD4C7}.Release|Any CPU.Build.0 = Release|Any CPU
	EndGlobalSection
	GlobalSection(SolutionProperties) = preSolution
		HideSolutionNode = FALSE
	EndGlobalSection
	GlobalSection(ExtensibilityGlobals) = postSolution
		SolutionGuid = {0C0E5A31-B55C-4713-A35E-209AEBF73140}
	EndGlobalSection
EndGlobal
